
Microsoft Visual Studio Solution File, Format Version 12.00
Project("{FAE04EC0-301F-11D3-BF4B-00C04F79EFBC}") = "Horizonte", "Horizonte\Horizonte.csproj", "{9525B8F4-9090-4A4E-9C85-EBDDF7CD11D9}"
EndProject
Project("{FAE04EC0-301F-11D3-BF4B-00C04F79EFBC}") = "Horizonte.Samples.Aemet", "Horizonte.Samples.Aemet\Horizonte.Samples.Aemet.csproj", "{BFD716E4-FBFA-44A6-B509-B909E458E4B2}"
EndProject
Project("{FAE04EC0-301F-11D3-BF4B-00C04F79EFBC}") = "Horizonte.AdminUi", "Horizonte.AdminUi\Horizonte.AdminUi.csproj", "{5A7316A0-175F-4E88-AE5A-4898CDCEC617}"
EndProject
Project("{2150E333-8FDC-42A3-9474-1A3956D46DE8}") = "Modules", "Modules", "{D8589999-8B45-4482-8ABE-1FF77D5618E2}"
EndProject
Project("{FAE04EC0-301F-11D3-BF4B-00C04F79EFBC}") = "Horizonte.Samples.ServiceApp", "Horizonte.Samples.ServiceApp\Horizonte.Samples.ServiceApp.csproj", "{E99D7392-A445-4581-A66E-2D83B7EC6089}"
EndProject
Project("{FAE04EC0-301F-11D3-BF4B-00C04F79EFBC}") = "Horizonte.Samples.NotificationIcon", "Horizonte.Samples.NotificationIcon\Horizonte.Samples.NotificationIcon.csproj", "{DD6900EA-12CB-4076-8469-942747B6AB4E}"
EndProject
Project("{2150E333-8FDC-42A3-9474-1A3956D46DE8}") = "Launchers", "Launchers", "{052907FD-BF34-4D3A-A847-152D36E95CFD}"
EndProject
Project("{FAE04EC0-301F-11D3-BF4B-00C04F79EFBC}") = "LinuxApp", "Launchers\LinuxApp\LinuxApp.csproj", "{D3666038-32FF-4AA0-BE6F-FCC8CA8B427A}"
EndProject
Project("{FAE04EC0-301F-11D3-BF4B-00C04F79EFBC}") = "arm64App", "Launchers\arm64App\arm64App.csproj", "{EB604BBE-1D11-49C0-B609-D48909AFA2BF}"
EndProject
Project("{FAE04EC0-301F-11D3-BF4B-00C04F79EFBC}") = "WinApp", "Launchers\WinApp\WinApp.csproj", "{E5D69B6E-5ABC-41AE-810E-F1A0F09D9EBE}"
EndProject
Project("{FAE04EC0-301F-11D3-BF4B-00C04F79EFBC}") = "WinService", "Launchers\WinService\WinService.csproj", "{1A4C3054-C1E6-4260-8745-9EE513D4591D}"
EndProject
Project("{FAE04EC0-301F-11D3-BF4B-00C04F79EFBC}") = "Horizonte.AdminUi.HorizonteSettings", "Horizonte.AdminUi.HorizonteSettings\Horizonte.AdminUi.HorizonteSettings.csproj", "{6F7BE3D5-19E3-4950-9E51-957A0334D8D3}"
EndProject
Project("{FAE04EC0-301F-11D3-BF4B-00C04F79EFBC}") = "Horizonte.Samples.Gmaps", "Horizonte.Samples.Gmaps\Horizonte.Samples.Gmaps.csproj", "{AF95F44C-6410-4D50-AFDB-0466CECC6453}"
EndProject
Project("{FAE04EC0-301F-11D3-BF4B-00C04F79EFBC}") = "Horizonte.Samples.Gcalendar", "Horizonte.Samples.Gcalendar\Horizonte.Samples.Gcalendar.csproj", "{8F91874F-968D-47B0-A2D7-15920C8A7630}"
EndProject
Project("{FAE04EC0-301F-11D3-BF4B-00C04F79EFBC}") = "Horizonte.Samples.RazorApp", "Horizonte.Samples.RazorApp\Horizonte.Samples.RazorApp.csproj", "{1D6F3E17-0C31-4184-9F9B-C5D2442FC373}"
EndProject
Project("{FAE04EC0-301F-11D3-BF4B-00C04F79EFBC}") = "Horizonte.Extension.AspNetCore", "Horizonte.Extension.AspNetCore\Horizonte.Extension.AspNetCore.csproj", "{FF47CDBB-23A5-483C-BFA0-44062EA5EE32}"
EndProject
Project("{FAE04EC0-301F-11D3-BF4B-00C04F79EFBC}") = "Horizonte.Samples.SampleComponent", "Horizonte.Samples.SampleComponent\Horizonte.Samples.SampleComponent.csproj", "{99C5C9B8-8E9A-485B-8BBD-393EF06AB154}"
EndProject
Project("{2150E333-8FDC-42A3-9474-1A3956D46DE8}") = "SolutionItems", "SolutionItems", "{7D38025E-F8F9-4394-922C-9637E3240E38}"
	ProjectSection(SolutionItems) = preProject
		README.md = README.md
	EndProjectSection
EndProject
Project("{FAE04EC0-301F-11D3-BF4B-00C04F79EFBC}") = "TestConfig", "TestConfig\TestConfig.csproj", "{28A6D14E-9980-4487-B3D6-EF4DA47FE6F7}"
EndProject
Project("{FAE04EC0-301F-11D3-BF4B-00C04F79EFBC}") = "Horizonte.PorcupineMod", "Horizonte.PorcupineMod\Horizonte.PorcupineMod.csproj", "{D683355F-9AC3-4816-8B08-B15CDDA611A7}"
EndProject
Project("{FAE04EC0-301F-11D3-BF4B-00C04F79EFBC}") = "Horizonte.Ai", "Horizonte.Ai\Horizonte.Ai.csproj", "{F3CEBB45-4FBC-43BA-943A-8488CE36B47B}"
EndProject
Project("{2150E333-8FDC-42A3-9474-1A3956D46DE8}") = "Libraries", "Libraries", "{04D49CEB-28E5-458B-89F6-C981E32E2F46}"
EndProject
Project("{FAE04EC0-301F-11D3-BF4B-00C04F79EFBC}") = "AdminUi.Components", "AdminUi.Components\AdminUi.Components.csproj", "{312D1952-0054-4F03-9EE2-C054F9513F6C}"
EndProject
Global
	GlobalSection(SolutionConfigurationPlatforms) = preSolution
		Debug|Any CPU = Debug|Any CPU
		Release|Any CPU = Release|Any CPU
	EndGlobalSection
	GlobalSection(ProjectConfigurationPlatforms) = postSolution
		{9525B8F4-9090-4A4E-9C85-EBDDF7CD11D9}.Debug|Any CPU.ActiveCfg = Debug|Any CPU
		{9525B8F4-9090-4A4E-9C85-EBDDF7CD11D9}.Debug|Any CPU.Build.0 = Debug|Any CPU
		{9525B8F4-9090-4A4E-9C85-EBDDF7CD11D9}.Release|Any CPU.ActiveCfg = Release|Any CPU
		{9525B8F4-9090-4A4E-9C85-EBDDF7CD11D9}.Release|Any CPU.Build.0 = Release|Any CPU
		{BFD716E4-FBFA-44A6-B509-B909E458E4B2}.Debug|Any CPU.ActiveCfg = Debug|Any CPU
		{BFD716E4-FBFA-44A6-B509-B909E458E4B2}.Debug|Any CPU.Build.0 = Debug|Any CPU
		{BFD716E4-FBFA-44A6-B509-B909E458E4B2}.Release|Any CPU.ActiveCfg = Release|Any CPU
		{BFD716E4-FBFA-44A6-B509-B909E458E4B2}.Release|Any CPU.Build.0 = Release|Any CPU
		{5A7316A0-175F-4E88-AE5A-4898CDCEC617}.Debug|Any CPU.ActiveCfg = Debug|Any CPU
		{5A7316A0-175F-4E88-AE5A-4898CDCEC617}.Debug|Any CPU.Build.0 = Debug|Any CPU
		{5A7316A0-175F-4E88-AE5A-4898CDCEC617}.Release|Any CPU.ActiveCfg = Release|Any CPU
		{5A7316A0-175F-4E88-AE5A-4898CDCEC617}.Release|Any CPU.Build.0 = Release|Any CPU
		{E99D7392-A445-4581-A66E-2D83B7EC6089}.Debug|Any CPU.ActiveCfg = Debug|Any CPU
		{E99D7392-A445-4581-A66E-2D83B7EC6089}.Debug|Any CPU.Build.0 = Debug|Any CPU
		{E99D7392-A445-4581-A66E-2D83B7EC6089}.Release|Any CPU.ActiveCfg = Release|Any CPU
		{E99D7392-A445-4581-A66E-2D83B7EC6089}.Release|Any CPU.Build.0 = Release|Any CPU
		{DD6900EA-12CB-4076-8469-942747B6AB4E}.Debug|Any CPU.ActiveCfg = Debug|Any CPU
		{DD6900EA-12CB-4076-8469-942747B6AB4E}.Debug|Any CPU.Build.0 = Debug|Any CPU
		{DD6900EA-12CB-4076-8469-942747B6AB4E}.Release|Any CPU.ActiveCfg = Release|Any CPU
		{DD6900EA-12CB-4076-8469-942747B6AB4E}.Release|Any CPU.Build.0 = Release|Any CPU
		{D3666038-32FF-4AA0-BE6F-FCC8CA8B427A}.Debug|Any CPU.ActiveCfg = Debug|Any CPU
		{D3666038-32FF-4AA0-BE6F-FCC8CA8B427A}.Debug|Any CPU.Build.0 = Debug|Any CPU
		{D3666038-32FF-4AA0-BE6F-FCC8CA8B427A}.Release|Any CPU.ActiveCfg = Release|Any CPU
		{D3666038-32FF-4AA0-BE6F-FCC8CA8B427A}.Release|Any CPU.Build.0 = Release|Any CPU
		{EB604BBE-1D11-49C0-B609-D48909AFA2BF}.Debug|Any CPU.ActiveCfg = Debug|Any CPU
		{EB604BBE-1D11-49C0-B609-D48909AFA2BF}.Debug|Any CPU.Build.0 = Debug|Any CPU
		{EB604BBE-1D11-49C0-B609-D48909AFA2BF}.Release|Any CPU.ActiveCfg = Release|Any CPU
		{EB604BBE-1D11-49C0-B609-D48909AFA2BF}.Release|Any CPU.Build.0 = Release|Any CPU
		{E5D69B6E-5ABC-41AE-810E-F1A0F09D9EBE}.Debug|Any CPU.ActiveCfg = Debug|Any CPU
		{E5D69B6E-5ABC-41AE-810E-F1A0F09D9EBE}.Debug|Any CPU.Build.0 = Debug|Any CPU
		{E5D69B6E-5ABC-41AE-810E-F1A0F09D9EBE}.Release|Any CPU.ActiveCfg = Release|Any CPU
		{E5D69B6E-5ABC-41AE-810E-F1A0F09D9EBE}.Release|Any CPU.Build.0 = Release|Any CPU
		{1A4C3054-C1E6-4260-8745-9EE513D4591D}.Debug|Any CPU.ActiveCfg = Debug|Any CPU
		{1A4C3054-C1E6-4260-8745-9EE513D4591D}.Debug|Any CPU.Build.0 = Debug|Any CPU
		{1A4C3054-C1E6-4260-8745-9EE513D4591D}.Release|Any CPU.ActiveCfg = Release|Any CPU
		{1A4C3054-C1E6-4260-8745-9EE513D4591D}.Release|Any CPU.Build.0 = Release|Any CPU
		{6F7BE3D5-19E3-4950-9E51-957A0334D8D3}.Debug|Any CPU.ActiveCfg = Debug|Any CPU
		{6F7BE3D5-19E3-4950-9E51-957A0334D8D3}.Debug|Any CPU.Build.0 = Debug|Any CPU
		{6F7BE3D5-19E3-4950-9E51-957A0334D8D3}.Release|Any CPU.ActiveCfg = Release|Any CPU
		{6F7BE3D5-19E3-4950-9E51-957A0334D8D3}.Release|Any CPU.Build.0 = Release|Any CPU
		{AF95F44C-6410-4D50-AFDB-0466CECC6453}.Debug|Any CPU.ActiveCfg = Debug|Any CPU
		{AF95F44C-6410-4D50-AFDB-0466CECC6453}.Debug|Any CPU.Build.0 = Debug|Any CPU
		{AF95F44C-6410-4D50-AFDB-0466CECC6453}.Release|Any CPU.ActiveCfg = Release|Any CPU
		{AF95F44C-6410-4D50-AFDB-0466CECC6453}.Release|Any CPU.Build.0 = Release|Any CPU
		{8F91874F-968D-47B0-A2D7-15920C8A7630}.Debug|Any CPU.ActiveCfg = Debug|Any CPU
		{8F91874F-968D-47B0-A2D7-15920C8A7630}.Debug|Any CPU.Build.0 = Debug|Any CPU
		{8F91874F-968D-47B0-A2D7-15920C8A7630}.Release|Any CPU.ActiveCfg = Release|Any CPU
		{8F91874F-968D-47B0-A2D7-15920C8A7630}.Release|Any CPU.Build.0 = Release|Any CPU
		{1D6F3E17-0C31-4184-9F9B-C5D2442FC373}.Debug|Any CPU.ActiveCfg = Debug|Any CPU
		{1D6F3E17-0C31-4184-9F9B-C5D2442FC373}.Debug|Any CPU.Build.0 = Debug|Any CPU
		{1D6F3E17-0C31-4184-9F9B-C5D2442FC373}.Release|Any CPU.ActiveCfg = Release|Any CPU
		{1D6F3E17-0C31-4184-9F9B-C5D2442FC373}.Release|Any CPU.Build.0 = Release|Any CPU
		{FF47CDBB-23A5-483C-BFA0-44062EA5EE32}.Debug|Any CPU.ActiveCfg = Debug|Any CPU
		{FF47CDBB-23A5-483C-BFA0-44062EA5EE32}.Debug|Any CPU.Build.0 = Debug|Any CPU
		{FF47CDBB-23A5-483C-BFA0-44062EA5EE32}.Release|Any CPU.ActiveCfg = Release|Any CPU
		{FF47CDBB-23A5-483C-BFA0-44062EA5EE32}.Release|Any CPU.Build.0 = Release|Any CPU
		{99C5C9B8-8E9A-485B-8BBD-393EF06AB154}.Debug|Any CPU.ActiveCfg = Debug|Any CPU
		{99C5C9B8-8E9A-485B-8BBD-393EF06AB154}.Debug|Any CPU.Build.0 = Debug|Any CPU
		{99C5C9B8-8E9A-485B-8BBD-393EF06AB154}.Release|Any CPU.ActiveCfg = Release|Any CPU
		{99C5C9B8-8E9A-485B-8BBD-393EF06AB154}.Release|Any CPU.Build.0 = Release|Any CPU
		{28A6D14E-9980-4487-B3D6-EF4DA47FE6F7}.Debug|Any CPU.ActiveCfg = Debug|Any CPU
		{28A6D14E-9980-4487-B3D6-EF4DA47FE6F7}.Debug|Any CPU.Build.0 = Debug|Any CPU
		{28A6D14E-9980-4487-B3D6-EF4DA47FE6F7}.Release|Any CPU.ActiveCfg = Release|Any CPU
		{28A6D14E-9980-4487-B3D6-EF4DA47FE6F7}.Release|Any CPU.Build.0 = Release|Any CPU
		{D683355F-9AC3-4816-8B08-B15CDDA611A7}.Debug|Any CPU.ActiveCfg = Debug|Any CPU
		{D683355F-9AC3-4816-8B08-B15CDDA611A7}.Debug|Any CPU.Build.0 = Debug|Any CPU
		{D683355F-9AC3-4816-8B08-B15CDDA611A7}.Release|Any CPU.ActiveCfg = Release|Any CPU
		{D683355F-9AC3-4816-8B08-B15CDDA611A7}.Release|Any CPU.Build.0 = Release|Any CPU
		{F3CEBB45-4FBC-43BA-943A-8488CE36B47B}.Debug|Any CPU.ActiveCfg = Debug|Any CPU
		{F3CEBB45-4FBC-43BA-943A-8488CE36B47B}.Debug|Any CPU.Build.0 = Debug|Any CPU
		{F3CEBB45-4FBC-43BA-943A-8488CE36B47B}.Release|Any CPU.ActiveCfg = Release|Any CPU
		{F3CEBB45-4FBC-43BA-943A-8488CE36B47B}.Release|Any CPU.Build.0 = Release|Any CPU
		{312D1952-0054-4F03-9EE2-C054F9513F6C}.Debug|Any CPU.ActiveCfg = Debug|Any CPU
		{312D1952-0054-4F03-9EE2-C054F9513F6C}.Debug|Any CPU.Build.0 = Debug|Any CPU
		{312D1952-0054-4F03-9EE2-C054F9513F6C}.Release|Any CPU.ActiveCfg = Release|Any CPU
		{312D1952-0054-4F03-9EE2-C054F9513F6C}.Release|Any CPU.Build.0 = Release|Any CPU
	EndGlobalSection
	GlobalSection(NestedProjects) = preSolution
		{BFD716E4-FBFA-44A6-B509-B909E458E4B2} = {D8589999-8B45-4482-8ABE-1FF77D5618E2}
		{E99D7392-A445-4581-A66E-2D83B7EC6089} = {D8589999-8B45-4482-8ABE-1FF77D5618E2}
		{DD6900EA-12CB-4076-8469-942747B6AB4E} = {D8589999-8B45-4482-8ABE-1FF77D5618E2}
		{D3666038-32FF-4AA0-BE6F-FCC8CA8B427A} = {052907FD-BF34-4D3A-A847-152D36E95CFD}
		{EB604BBE-1D11-49C0-B609-D48909AFA2BF} = {052907FD-BF34-4D3A-A847-152D36E95CFD}
		{E5D69B6E-5ABC-41AE-810E-F1A0F09D9EBE} = {052907FD-BF34-4D3A-A847-152D36E95CFD}
		{1A4C3054-C1E6-4260-8745-9EE513D4591D} = {052907FD-BF34-4D3A-A847-152D36E95CFD}
		{6F7BE3D5-19E3-4950-9E51-957A0334D8D3} = {D8589999-8B45-4482-8ABE-1FF77D5618E2}
		{AF95F44C-6410-4D50-AFDB-0466CECC6453} = {D8589999-8B45-4482-8ABE-1FF77D5618E2}
		{8F91874F-968D-47B0-A2D7-15920C8A7630} = {D8589999-8B45-4482-8ABE-1FF77D5618E2}
		{1D6F3E17-0C31-4184-9F9B-C5D2442FC373} = {D8589999-8B45-4482-8ABE-1FF77D5618E2}
		{99C5C9B8-8E9A-485B-8BBD-393EF06AB154} = {D8589999-8B45-4482-8ABE-1FF77D5618E2}
		{5A7316A0-175F-4E88-AE5A-4898CDCEC617} = {D8589999-8B45-4482-8ABE-1FF77D5618E2}
		{28A6D14E-9980-4487-B3D6-EF4DA47FE6F7} = {D8589999-8B45-4482-8ABE-1FF77D5618E2}
		{D683355F-9AC3-4816-8B08-B15CDDA611A7} = {D8589999-8B45-4482-8ABE-1FF77D5618E2}
		{F3CEBB45-4FBC-43BA-943A-8488CE36B47B} = {D8589999-8B45-4482-8ABE-1FF77D5618E2}
		{312D1952-0054-4F03-9EE2-C054F9513F6C} = {04D49CEB-28E5-458B-89F6-C981E32E2F46}
	EndGlobalSection
EndGlobal
